
Microsoft Visual Studio Solution File, Format Version 12.00
# Visual Studio Version 16
VisualStudioVersion = 16.0.30717.126
MinimumVisualStudioVersion = 10.0.40219.1
Project("{FAE04EC0-301F-11D3-BF4B-00C04F79EFBC}") = "Parking", "Parking\Parking.csproj", "{C3E5422F-FF8B-4C5A-92CD-6DD6508ED09D}"
EndProject
Global
	GlobalSection(SolutionConfigurationPlatforms) = preSolution
		Debug|Any CPU = Debug|Any CPU
		Release|Any CPU = Release|Any CPU
	EndGlobalSection
	GlobalSection(ProjectConfigurationPlatforms) = postSolution
		{C3E5422F-FF8B-4C5A-92CD-6DD6508ED09D}.Debug|Any CPU.ActiveCfg = Debug|Any CPU
		{C3E5422F-FF8B-4C5A-92CD-6DD6508ED09D}.Debug|Any CPU.Build.0 = Debug|Any CPU
		{C3E5422F-FF8B-4C5A-92CD-6DD6508ED09D}.Release|Any CPU.ActiveCfg = Release|Any CPU
		{C3E5422F-FF8B-4C5A-92CD-6DD6508ED09D}.Release|Any CPU.Build.0 = Release|Any CPU
	EndGlobalSection
	GlobalSection(SolutionProperties) = preSolution
		HideSolutionNode = FALSE
	EndGlobalSection
	GlobalSection(ExtensibilityGlobals) = postSolution
		SolutionGuid = {4D4E2707-CE31-4644-AB33-5CEFFC468E8E}
	EndGlobalSection
EndGlobal
